
Microsoft Visual Studio Solution File, Format Version 12.00
# Visual Studio Version 17
VisualStudioVersion = 17.10.35122.118
MinimumVisualStudioVersion = 10.0.40219.1
Project("{9A19103F-16F7-4668-BE54-9A1E7A4F7556}") = "Server", "Server\Server.csproj", "{A7CD6C55-F641-4804-A84A-76DB4C5FD888}"
EndProject
Project("{FAE04EC0-301F-11D3-BF4B-00C04F79EFBC}") = "Client", "..\..\client_packages\cs_packages\Client\Client.csproj", "{835FDD83-1B6D-40CF-82A7-598DA7CEC839}"
EndProject
Global
	GlobalSection(SolutionConfigurationPlatforms) = preSolution
		Debug|Any CPU = Debug|Any CPU
		Release|Any CPU = Release|Any CPU
	EndGlobalSection
	GlobalSection(ProjectConfigurationPlatforms) = postSolution
		{A7CD6C55-F641-4804-A84A-76DB4C5FD888}.Debug|Any CPU.ActiveCfg = Debug|Any CPU
		{A7CD6C55-F641-4804-A84A-76DB4C5FD888}.Debug|Any CPU.Build.0 = Debug|Any CPU
		{A7CD6C55-F641-4804-A84A-76DB4C5FD888}.Release|Any CPU.ActiveCfg = Release|Any CPU
		{A7CD6C55-F641-4804-A84A-76DB4C5FD888}.Release|Any CPU.Build.0 = Release|Any CPU
		{835FDD83-1B6D-40CF-82A7-598DA7CEC839}.Debug|Any CPU.ActiveCfg = Debug|Any CPU
		{835FDD83-1B6D-40CF-82A7-598DA7CEC839}.Debug|Any CPU.Build.0 = Debug|Any CPU
		{835FDD83-1B6D-40CF-82A7-598DA7CEC839}.Release|Any CPU.ActiveCfg = Release|Any CPU
		{835FDD83-1B6D-40CF-82A7-598DA7CEC839}.Release|Any CPU.Build.0 = Release|Any CPU
	EndGlobalSection
	GlobalSection(SolutionProperties) = preSolution
		HideSolutionNode = FALSE
	EndGlobalSection
	GlobalSection(ExtensibilityGlobals) = postSolution
		SolutionGuid = {29CA9B07-5BEE-4D7F-8589-A61E7CA28686}
	EndGlobalSection
EndGlobal
